
Microsoft Visual Studio Solution File, Format Version 12.00
# Visual Studio Version 17
VisualStudioVersion = 17.9.34607.119
MinimumVisualStudioVersion = 10.0.40219.1
Project("{FAE04EC0-301F-11D3-BF4B-00C04F79EFBC}") = "Gyakorlas", "Gyakorlas\Gyakorlas.csproj", "{045A0DE4-44D6-4905-B97D-176C03A10CA0}"
EndProject
Global
	GlobalSection(SolutionConfigurationPlatforms) = preSolution
		Debug|Any CPU = Debug|Any CPU
		Release|Any CPU = Release|Any CPU
	EndGlobalSection
	GlobalSection(ProjectConfigurationPlatforms) = postSolution
		{045A0DE4-44D6-4905-B97D-176C03A10CA0}.Debug|Any CPU.ActiveCfg = Debug|Any CPU
		{045A0DE4-44D6-4905-B97D-176C03A10CA0}.Debug|Any CPU.Build.0 = Debug|Any CPU
		{045A0DE4-44D6-4905-B97D-176C03A10CA0}.Release|Any CPU.ActiveCfg = Release|Any CPU
		{045A0DE4-44D6-4905-B97D-176C03A10CA0}.Release|Any CPU.Build.0 = Release|Any CPU
	EndGlobalSection
	GlobalSection(SolutionProperties) = preSolution
		HideSolutionNode = FALSE
	EndGlobalSection
	GlobalSection(ExtensibilityGlobals) = postSolution
		SolutionGuid = {24BEA6DB-254D-4BAA-8479-DF9F86BCAFFF}
	EndGlobalSection
EndGlobal
